
Microsoft Visual Studio Solution File, Format Version 12.00
# Visual Studio 14
VisualStudioVersion = 14.0.24720.0
MinimumVisualStudioVersion = 10.0.40219.1
Project("{FAE04EC0-301F-11D3-BF4B-00C04F79EFBC}") = "webapp-stufv", "webapp-stufv\webapp-stufv.csproj", "{819A3B10-BD46-45D6-BBCD-66E08581207A}"
EndProject
Project("{FAE04EC0-301F-11D3-BF4B-00C04F79EFBC}") = "webapp-stufv.Tests", "webapp-stufv.Tests\webapp-stufv.Tests.csproj", "{B8179AB2-47F3-4E65-B950-614748CCDD89}"
EndProject
Global
	GlobalSection(SolutionConfigurationPlatforms) = preSolution
		Debug|Any CPU = Debug|Any CPU
		Release|Any CPU = Release|Any CPU
	EndGlobalSection
	GlobalSection(ProjectConfigurationPlatforms) = postSolution
		{819A3B10-BD46-45D6-BBCD-66E08581207A}.Debug|Any CPU.ActiveCfg = Debug|Any CPU
		{819A3B10-BD46-45D6-BBCD-66E08581207A}.Debug|Any CPU.Build.0 = Debug|Any CPU
		{819A3B10-BD46-45D6-BBCD-66E08581207A}.Release|Any CPU.ActiveCfg = Release|Any CPU
		{819A3B10-BD46-45D6-BBCD-66E08581207A}.Release|Any CPU.Build.0 = Release|Any CPU
		{B8179AB2-47F3-4E65-B950-614748CCDD89}.Debug|Any CPU.ActiveCfg = Debug|Any CPU
		{B8179AB2-47F3-4E65-B950-614748CCDD89}.Debug|Any CPU.Build.0 = Debug|Any CPU
		{B8179AB2-47F3-4E65-B950-614748CCDD89}.Release|Any CPU.ActiveCfg = Release|Any CPU
		{B8179AB2-47F3-4E65-B950-614748CCDD89}.Release|Any CPU.Build.0 = Release|Any CPU
	EndGlobalSection
	GlobalSection(SolutionProperties) = preSolution
		HideSolutionNode = FALSE
	EndGlobalSection
EndGlobal
