
Microsoft Visual Studio Solution File, Format Version 12.00
# Visual Studio 14
VisualStudioVersion = 14.0.24720.0
MinimumVisualStudioVersion = 10.0.40219.1
Project("{FAE04EC0-301F-11D3-BF4B-00C04F79EFBC}") = "source-project", "source-project\source-project.csproj", "{6F1DA303-1E7D-4FB9-A40C-04C1FF1A309E}"
EndProject
Project("{FAE04EC0-301F-11D3-BF4B-00C04F79EFBC}") = "source-project.Tests", "source-project.Tests\source-project.Tests.csproj", "{68126C49-693B-47A6-A877-C246F626DA03}"
EndProject
Global
	GlobalSection(SolutionConfigurationPlatforms) = preSolution
		Debug|Any CPU = Debug|Any CPU
		Release|Any CPU = Release|Any CPU
	EndGlobalSection
	GlobalSection(ProjectConfigurationPlatforms) = postSolution
		{6F1DA303-1E7D-4FB9-A40C-04C1FF1A309E}.Debug|Any CPU.ActiveCfg = Debug|Any CPU
		{6F1DA303-1E7D-4FB9-A40C-04C1FF1A309E}.Debug|Any CPU.Build.0 = Debug|Any CPU
		{6F1DA303-1E7D-4FB9-A40C-04C1FF1A309E}.Release|Any CPU.ActiveCfg = Release|Any CPU
		{6F1DA303-1E7D-4FB9-A40C-04C1FF1A309E}.Release|Any CPU.Build.0 = Release|Any CPU
		{68126C49-693B-47A6-A877-C246F626DA03}.Debug|Any CPU.ActiveCfg = Debug|Any CPU
		{68126C49-693B-47A6-A877-C246F626DA03}.Debug|Any CPU.Build.0 = Debug|Any CPU
		{68126C49-693B-47A6-A877-C246F626DA03}.Release|Any CPU.ActiveCfg = Release|Any CPU
		{68126C49-693B-47A6-A877-C246F626DA03}.Release|Any CPU.Build.0 = Release|Any CPU
	EndGlobalSection
	GlobalSection(SolutionProperties) = preSolution
		HideSolutionNode = FALSE
	EndGlobalSection
EndGlobal
